
Microsoft Visual Studio Solution File, Format Version 12.00
# Visual Studio 15
VisualStudioVersion = 15.0.27428.2015
MinimumVisualStudioVersion = 10.0.40219.1
Project("{8BC9CEB8-8B4A-11D0-8D11-00A0C91BC942}") = "Lab2", "Lab2.vcxproj", "{6CA81CD5-554E-4088-8955-175D930873AB}"
EndProject
Global
	GlobalSection(SolutionConfigurationPlatforms) = preSolution
		Debug|x64 = Debug|x64
		Debug|x86 = Debug|x86
		Release|x64 = Release|x64
		Release|x86 = Release|x86
	EndGlobalSection
	GlobalSection(ProjectConfigurationPlatforms) = postSolution
		{6CA81CD5-554E-4088-8955-175D930873AB}.Debug|x64.ActiveCfg = Debug|x64
		{6CA81CD5-554E-4088-8955-175D930873AB}.Debug|x64.Build.0 = Debug|x64
		{6CA81CD5-554E-4088-8955-175D930873AB}.Debug|x86.ActiveCfg = Debug|Win32
		{6CA81CD5-554E-4088-8955-175D930873AB}.Debug|x86.Build.0 = Debug|Win32
		{6CA81CD5-554E-4088-8955-175D930873AB}.Release|x64.ActiveCfg = Release|x64
		{6CA81CD5-554E-4088-8955-175D930873AB}.Release|x64.Build.0 = Release|x64
		{6CA81CD5-554E-4088-8955-175D930873AB}.Release|x86.ActiveCfg = Release|Win32
		{6CA81CD5-554E-4088-8955-175D930873AB}.Release|x86.Build.0 = Release|Win32
	EndGlobalSection
	GlobalSection(SolutionProperties) = preSolution
		HideSolutionNode = FALSE
	EndGlobalSection
	GlobalSection(ExtensibilityGlobals) = postSolution
		SolutionGuid = {0E5A95A3-5730-476D-9E1F-735E8417DF7C}
	EndGlobalSection
EndGlobal
